
Microsoft Visual Studio Solution File, Format Version 12.00
# Visual Studio Version 17
VisualStudioVersion = 17.5.33627.172
MinimumVisualStudioVersion = 10.0.40219.1
Project("{FAE04EC0-301F-11D3-BF4B-00C04F79EFBC}") = "Cohorts_Hw4.Api", "Cohorts_Hw4.Api\Cohorts_Hw4.Api.csproj", "{7F629F26-2051-4341-8462-53953FA195E7}"
EndProject
Project("{FAE04EC0-301F-11D3-BF4B-00C04F79EFBC}") = "Cohorts_Hw4.DataAccess", "Cohorts_Hw4.DataAccess\Cohorts_Hw4.DataAccess.csproj", "{F1E5B557-4C6F-486E-8C96-616FCCD284FA}"
EndProject
Project("{FAE04EC0-301F-11D3-BF4B-00C04F79EFBC}") = "Cohorts_Hw4.Entities", "Cohorts_Hw4.Entities\Cohorts_Hw4.Entities.csproj", "{5B7EB778-2ECD-41C9-A19E-AA904B5199F2}"
EndProject
Global
	GlobalSection(SolutionConfigurationPlatforms) = preSolution
		Debug|Any CPU = Debug|Any CPU
		Release|Any CPU = Release|Any CPU
	EndGlobalSection
	GlobalSection(ProjectConfigurationPlatforms) = postSolution
		{7F629F26-2051-4341-8462-53953FA195E7}.Debug|Any CPU.ActiveCfg = Debug|Any CPU
		{7F629F26-2051-4341-8462-53953FA195E7}.Debug|Any CPU.Build.0 = Debug|Any CPU
		{7F629F26-2051-4341-8462-53953FA195E7}.Release|Any CPU.ActiveCfg = Release|Any CPU
		{7F629F26-2051-4341-8462-53953FA195E7}.Release|Any CPU.Build.0 = Release|Any CPU
		{F1E5B557-4C6F-486E-8C96-616FCCD284FA}.Debug|Any CPU.ActiveCfg = Debug|Any CPU
		{F1E5B557-4C6F-486E-8C96-616FCCD284FA}.Debug|Any CPU.Build.0 = Debug|Any CPU
		{F1E5B557-4C6F-486E-8C96-616FCCD284FA}.Release|Any CPU.ActiveCfg = Release|Any CPU
		{F1E5B557-4C6F-486E-8C96-616FCCD284FA}.Release|Any CPU.Build.0 = Release|Any CPU
		{5B7EB778-2ECD-41C9-A19E-AA904B5199F2}.Debug|Any CPU.ActiveCfg = Debug|Any CPU
		{5B7EB778-2ECD-41C9-A19E-AA904B5199F2}.Debug|Any CPU.Build.0 = Debug|Any CPU
		{5B7EB778-2ECD-41C9-A19E-AA904B5199F2}.Release|Any CPU.ActiveCfg = Release|Any CPU
		{5B7EB778-2ECD-41C9-A19E-AA904B5199F2}.Release|Any CPU.Build.0 = Release|Any CPU
	EndGlobalSection
	GlobalSection(SolutionProperties) = preSolution
		HideSolutionNode = FALSE
	EndGlobalSection
	GlobalSection(ExtensibilityGlobals) = postSolution
		SolutionGuid = {C7A17414-54BE-463B-A59C-EA02F7A04DB0}
	EndGlobalSection
EndGlobal
